// !$*UTF8*$!
{
	archiveVersion = 1;
	classes = {
	};
	objectVersion = 56;
	objects = {

/* Begin PBXBuildFile section */
		34ED63562AEBABF100395FD4 /* CampusCompanionApp.swift in Sources */ = {isa = PBXBuildFile; fileRef = 34ED63552AEBABF100395FD4 /* CampusCompanionApp.swift */; };
		34ED63582AEBABF100395FD4 /* ContentView.swift in Sources */ = {isa = PBXBuildFile; fileRef = 34ED63572AEBABF100395FD4 /* ContentView.swift */; };
		34ED635A2AEBABF200395FD4 /* Assets.xcassets in Resources */ = {isa = PBXBuildFile; fileRef = 34ED63592AEBABF200395FD4 /* Assets.xcassets */; };
		34ED635D2AEBABF200395FD4 /* Preview Assets.xcassets in Resources */ = {isa = PBXBuildFile; fileRef = 34ED635C2AEBABF200395FD4 /* Preview Assets.xcassets */; };
		34ED63662AEBB8EE00395FD4 /* Launch Screen.storyboard in Resources */ = {isa = PBXBuildFile; fileRef = 34ED63652AEBB8EE00395FD4 /* Launch Screen.storyboard */; };
		34ED636C2AEBE1A000395FD4 /* SwiftSoup in Frameworks */ = {isa = PBXBuildFile; productRef = 34ED636B2AEBE1A000395FD4 /* SwiftSoup */; };
/* End PBXBuildFile section */

/* Begin PBXFileReference section */
		34ED63522AEBABF100395FD4 /* CampusCompanion.app */ = {isa = PBXFileReference; explicitFileType = wrapper.application; includeInIndex = 0; path = CampusCompanion.app; sourceTree = BUILT_PRODUCTS_DIR; };
		34ED63552AEBABF100395FD4 /* CampusCompanionApp.swift */ = {isa = PBXFileReference; lastKnownFileType = sourcecode.swift; path = CampusCompanionApp.swift; sourceTree = "<group>"; };
		34ED63572AEBABF100395FD4 /* ContentView.swift */ = {isa = PBXFileReference; lastKnownFileType = sourcecode.swift; path = ContentView.swift; sourceTree = "<group>"; };
		34ED63592AEBABF200395FD4 /* Assets.xcassets */ = {isa = PBXFileReference; lastKnownFileType = folder.assetcatalog; path = Assets.xcassets; sourceTree = "<group>"; };
		34ED635C2AEBABF200395FD4 /* Preview Assets.xcassets */ = {isa = PBXFileReference; lastKnownFileType = folder.assetcatalog; path = "Preview Assets.xcassets"; sourceTree = "<group>"; };
		34ED63632AEBAC7100395FD4 /* Info.plist */ = {isa = PBXFileReference; lastKnownFileType = text.plist; path = Info.plist; sourceTree = "<group>"; };
		34ED63652AEBB8EE00395FD4 /* Launch Screen.storyboard */ = {isa = PBXFileReference; lastKnownFileType = file.storyboard; path = "Launch Screen.storyboard"; sourceTree = "<group>"; };
/* End PBXFileReference section */

/* Begin PBXFrameworksBuildPhase section */
		34ED634F2AEBABF100395FD4 /* Frameworks */ = {
			isa = PBXFrameworksBuildPhase;
			buildActionMask = 2147483647;
			files = (
				34ED636C2AEBE1A000395FD4 /* SwiftSoup in Frameworks */,
			);
			runOnlyForDeploymentPostprocessing = 0;
		};
/* End PBXFrameworksBuildPhase section */

/* Begin PBXGroup section */
		34ED63492AEBABF100395FD4 = {
			isa = PBXGroup;
			children = (
				34ED63542AEBABF100395FD4 /* CampusCompanion */,
				34ED63532AEBABF100395FD4 /* Products */,
			);
			sourceTree = "<group>";
		};
		34ED63532AEBABF100395FD4 /* Products */ = {
			isa = PBXGroup;
			children = (
				34ED63522AEBABF100395FD4 /* CampusCompanion.app */,
			);
			name = Products;
			sourceTree = "<group>";
		};
		34ED63542AEBABF100395FD4 /* CampusCompanion */ = {
			isa = PBXGroup;
			children = (
				34ED636D2AEBE1BF00395FD4 /* Resources */,
				34ED63692AEBDADD00395FD4 /* Models */,
				34ED63642AEBAD5D00395FD4 /* Views */,
				34ED63632AEBAC7100395FD4 /* Info.plist */,
				34ED63552AEBABF100395FD4 /* CampusCompanionApp.swift */,
				34ED63592AEBABF200395FD4 /* Assets.xcassets */,
				34ED635B2AEBABF200395FD4 /* Preview Content */,
				34ED63652AEBB8EE00395FD4 /* Launch Screen.storyboard */,
			);
			path = CampusCompanion;
			sourceTree = "<group>";
		};
		34ED635B2AEBABF200395FD4 /* Preview Content */ = {
			isa = PBXGroup;
			children = (
				34ED635C2AEBABF200395FD4 /* Preview Assets.xcassets */,
			);
			path = "Preview Content";
			sourceTree = "<group>";
		};
		34ED63642AEBAD5D00395FD4 /* Views */ = {
			isa = PBXGroup;
			children = (
				34ED63572AEBABF100395FD4 /* ContentView.swift */,
			);
			path = Views;
			sourceTree = "<group>";
		};
		34ED63692AEBDADD00395FD4 /* Models */ = {
			isa = PBXGroup;
			children = (
			);
			path = Models;
			sourceTree = "<group>";
		};
		34ED636D2AEBE1BF00395FD4 /* Resources */ = {
			isa = PBXGroup;
			children = (
			);
			path = Resources;
			sourceTree = "<group>";
		};
/* End PBXGroup section */

/* Begin PBXNativeTarget section */
		34ED63512AEBABF100395FD4 /* CampusCompanion */ = {
			isa = PBXNativeTarget;
			buildConfigurationList = 34ED63602AEBABF200395FD4 /* Build configuration list for PBXNativeTarget "CampusCompanion" */;
			buildPhases = (
				34ED634E2AEBABF100395FD4 /* Sources */,
				34ED634F2AEBABF100395FD4 /* Frameworks */,
				34ED63502AEBABF100395FD4 /* Resources */,
			);
			buildRules = (
			);
			dependencies = (
			);
			name = CampusCompanion;
			packageProductDependencies = (
				34ED636B2AEBE1A000395FD4 /* SwiftSoup */,
			);
			productName = CampusCompanion;
			productReference = 34ED63522AEBABF100395FD4 /* CampusCompanion.app */;
			productType = "com.apple.product-type.application";
		};
/* End PBXNativeTarget section */

/* Begin PBXProject section */
		34ED634A2AEBABF100395FD4 /* Project object */ = {
			isa = PBXProject;
			attributes = {
				BuildIndependentTargetsInParallel = 1;
				LastSwiftUpdateCheck = 1420;
				LastUpgradeCheck = 1420;
				TargetAttributes = {
					34ED63512AEBABF100395FD4 = {
						CreatedOnToolsVersion = 14.2;
					};
				};
			};
			buildConfigurationList = 34ED634D2AEBABF100395FD4 /* Build configuration list for PBXProject "CampusCompanion" */;
			compatibilityVersion = "Xcode 14.0";
			developmentRegion = en;
			hasScannedForEncodings = 0;
			knownRegions = (
				en,
				Base,
			);
			mainGroup = 34ED63492AEBABF100395FD4;
			packageReferences = (
				34ED636A2AEBE1A000395FD4 /* XCRemoteSwiftPackageReference "SwiftSoup" */,
			);
			productRefGroup = 34ED63532AEBABF100395FD4 /* Products */;
			projectDirPath = "";
			projectRoot = "";
			targets = (
				34ED63512AEBABF100395FD4 /* CampusCompanion */,
			);
		};
/* End PBXProject section */

/* Begin PBXResourcesBuildPhase section */
		34ED63502AEBABF100395FD4 /* Resources */ = {
			isa = PBXResourcesBuildPhase;
			buildActionMask = 2147483647;
			files = (
				34ED63662AEBB8EE00395FD4 /* Launch Screen.storyboard in Resources */,
				34ED635D2AEBABF200395FD4 /* Preview Assets.xcassets in Resources */,
				34ED635A2AEBABF200395FD4 /* Assets.xcassets in Resources */,
			);
			runOnlyForDeploymentPostprocessing = 0;
		};
/* End PBXResourcesBuildPhase section */

/* Begin PBXSourcesBuildPhase section */
		34ED634E2AEBABF100395FD4 /* Sources */ = {
			isa = PBXSourcesBuildPhase;
			buildActionMask = 2147483647;
			files = (
				34ED63582AEBABF100395FD4 /* ContentView.swift in Sources */,
				34ED63562AEBABF100395FD4 /* CampusCompanionApp.swift in Sources */,
			);
			runOnlyForDeploymentPostprocessing = 0;
		};
/* End PBXSourcesBuildPhase section */

/* Begin XCBuildConfiguration section */
		34ED635E2AEBABF200395FD4 /* Debug */ = {
			isa = XCBuildConfiguration;
			buildSettings = {
				ALWAYS_SEARCH_USER_PATHS = NO;
				CLANG_ANALYZER_NONNULL = YES;
				CLANG_ANALYZER_NUMBER_OBJECT_CONVERSION = YES_AGGRESSIVE;
				CLANG_CXX_LANGUAGE_STANDARD = "gnu++20";
				CLANG_ENABLE_MODULES = YES;
				CLANG_ENABLE_OBJC_ARC = YES;
				CLANG_ENABLE_OBJC_WEAK = YES;
				CLANG_WARN_BLOCK_CAPTURE_AUTORELEASING = YES;
				CLANG_WARN_BOOL_CONVERSION = YES;
				CLANG_WARN_COMMA = YES;
				CLANG_WARN_CONSTANT_CONVERSION = YES;
				CLANG_WARN_DEPRECATED_OBJC_IMPLEMENTATIONS = YES;
				CLANG_WARN_DIRECT_OBJC_ISA_USAGE = YES_ERROR;
				CLANG_WARN_DOCUMENTATION_COMMENTS = YES;
				CLANG_WARN_EMPTY_BODY = YES;
				CLANG_WARN_ENUM_CONVERSION = YES;
				CLANG_WARN_INFINITE_RECURSION = YES;
				CLANG_WARN_INT_CONVERSION = YES;
				CLANG_WARN_NON_LITERAL_NULL_CONVERSION = YES;
				CLANG_WARN_OBJC_IMPLICIT_RETAIN_SELF = YES;
				CLANG_WARN_OBJC_LITERAL_CONVERSION = YES;
				CLANG_WARN_OBJC_ROOT_CLASS = YES_ERROR;
				CLANG_WARN_QUOTED_INCLUDE_IN_FRAMEWORK_HEADER = YES;
				CLANG_WARN_RANGE_LOOP_ANALYSIS = YES;
				CLANG_WARN_STRICT_PROTOTYPES = YES;
				CLANG_WARN_SUSPICIOUS_MOVE = YES;
				CLANG_WARN_UNGUARDED_AVAILABILITY = YES_AGGRESSIVE;
				CLANG_WARN_UNREACHABLE_CODE = YES;
				CLANG_WARN__DUPLICATE_METHOD_MATCH = YES;
				COPY_PHASE_STRIP = NO;
				DEBUG_INFORMATION_FORMAT = dwarf;
				ENABLE_STRICT_OBJC_MSGSEND = YES;
				ENABLE_TESTABILITY = YES;
				GCC_C_LANGUAGE_STANDARD = gnu11;
				GCC_DYNAMIC_NO_PIC = NO;
				GCC_NO_COMMON_BLOCKS = YES;
				GCC_OPTIMIZATION_LEVEL = 0;
				GCC_PREPROCESSOR_DEFINITIONS = (
					"DEBUG=1",
					"$(inherited)",
				);
				GCC_WARN_64_TO_32_BIT_CONVERSION = YES;
				GCC_WARN_ABOUT_RETURN_TYPE = YES_ERROR;
				GCC_WARN_UNDECLARED_SELECTOR = YES;
				GCC_WARN_UNINITIALIZED_AUTOS = YES_AGGRESSIVE;
				GCC_WARN_UNUSED_FUNCTION = YES;
				GCC_WARN_UNUSED_VARIABLE = YES;
				IPHONEOS_DEPLOYMENT_TARGET = 16.2;
				MTL_ENABLE_DEBUG_INFO = INCLUDE_SOURCE;
				MTL_FAST_MATH = YES;
				ONLY_ACTIVE_ARCH = YES;
				SDKROOT = iphoneos;
				SWIFT_ACTIVE_COMPILATION_CONDITIONS = DEBUG;
				SWIFT_OPTIMIZATION_LEVEL = "-Onone";
			};
			name = Debug;
		};
		34ED635F2AEBABF200395FD4 /* Release */ = {
			isa = XCBuildConfiguration;
			buildSettings = {
				ALWAYS_SEARCH_USER_PATHS = NO;
				CLANG_ANALYZER_NONNULL = YES;
				CLANG_ANALYZER_NUMBER_OBJECT_CONVERSION = YES_AGGRESSIVE;
				CLANG_CXX_LANGUAGE_STANDARD = "gnu++20";
				CLANG_ENABLE_MODULES = YES;
				CLANG_ENABLE_OBJC_ARC = YES;
				CLANG_ENABLE_OBJC_WEAK = YES;
				CLANG_WARN_BLOCK_CAPTURE_AUTORELEASING = YES;
				CLANG_WARN_BOOL_CONVERSION = YES;
				CLANG_WARN_COMMA = YES;
				CLANG_WARN_CONSTANT_CONVERSION = YES;
				CLANG_WARN_DEPRECATED_OBJC_IMPLEMENTATIONS = YES;
				CLANG_WARN_DIRECT_OBJC_ISA_USAGE = YES_ERROR;
				CLANG_WARN_DOCUMENTATION_COMMENTS = YES;
				CLANG_WARN_EMPTY_BODY = YES;
				CLANG_WARN_ENUM_CONVERSION = YES;
				CLANG_WARN_INFINITE_RECURSION = YES;
				CLANG_WARN_INT_CONVERSION = YES;
				CLANG_WARN_NON_LITERAL_NULL_CONVERSION = YES;
				CLANG_WARN_OBJC_IMPLICIT_RETAIN_SELF = YES;
				CLANG_WARN_OBJC_LITERAL_CONVERSION = YES;
				CLANG_WARN_OBJC_ROOT_CLASS = YES_ERROR;
				CLANG_WARN_QUOTED_INCLUDE_IN_FRAMEWORK_HEADER = YES;
				CLANG_WARN_RANGE_LOOP_ANALYSIS = YES;
				CLANG_WARN_STRICT_PROTOTYPES = YES;
				CLANG_WARN_SUSPICIOUS_MOVE = YES;
				CLANG_WARN_UNGUARDED_AVAILABILITY = YES_AGGRESSIVE;
				CLANG_WARN_UNREACHABLE_CODE = YES;
				CLANG_WARN__DUPLICATE_METHOD_MATCH = YES;
				COPY_PHASE_STRIP = NO;
				DEBUG_INFORMATION_FORMAT = "dwarf-with-dsym";
				ENABLE_NS_ASSERTIONS = NO;
				ENABLE_STRICT_OBJC_MSGSEND = YES;
				GCC_C_LANGUAGE_STANDARD = gnu11;
				GCC_NO_COMMON_BLOCKS = YES;
				GCC_WARN_64_TO_32_BIT_CONVERSION = YES;
				GCC_WARN_ABOUT_RETURN_TYPE = YES_ERROR;
				GCC_WARN_UNDECLARED_SELECTOR = YES;
				GCC_WARN_UNINITIALIZED_AUTOS = YES_AGGRESSIVE;
				GCC_WARN_UNUSED_FUNCTION = YES;
				GCC_WARN_UNUSED_VARIABLE = YES;
				IPHONEOS_DEPLOYMENT_TARGET = 16.2;
				MTL_ENABLE_DEBUG_INFO = NO;
				MTL_FAST_MATH = YES;
				SDKROOT = iphoneos;
				SWIFT_COMPILATION_MODE = wholemodule;
				SWIFT_OPTIMIZATION_LEVEL = "-O";
				VALIDATE_PRODUCT = YES;
			};
			name = Release;
		};
		34ED63612AEBABF200395FD4 /* Debug */ = {
			isa = XCBuildConfiguration;
			buildSettings = {
				ASSETCATALOG_COMPILER_APPICON_NAME = AppIcon;
				ASSETCATALOG_COMPILER_GLOBAL_ACCENT_COLOR_NAME = AccentColor;
				CODE_SIGN_STYLE = Automatic;
				CURRENT_PROJECT_VERSION = 1;
				DEVELOPMENT_ASSET_PATHS = "\"CampusCompanion/Preview Content\"";
				DEVELOPMENT_TEAM = R4DPJH6B4X;
				ENABLE_PREVIEWS = YES;
				GENERATE_INFOPLIST_FILE = YES;
				INFOPLIST_FILE = CampusCompanion/Info.plist;
				INFOPLIST_KEY_UIApplicationSceneManifest_Generation = YES;
				INFOPLIST_KEY_UIApplicationSupportsIndirectInputEvents = YES;
				INFOPLIST_KEY_UILaunchStoryboardName = "Launch Screen.storyboard";
				INFOPLIST_KEY_UISupportedInterfaceOrientations_iPad = "UIInterfaceOrientationPortrait UIInterfaceOrientationPortraitUpsideDown UIInterfaceOrientationLandscapeLeft UIInterfaceOrientationLandscapeRight";
				INFOPLIST_KEY_UISupportedInterfaceOrientations_iPhone = "UIInterfaceOrientationPortrait UIInterfaceOrientationLandscapeLeft UIInterfaceOrientationLandscapeRight";
				LD_RUNPATH_SEARCH_PATHS = (
					"$(inherited)",
					"@executable_path/Frameworks",
				);
				MARKETING_VERSION = 1.0;
				PRODUCT_BUNDLE_IDENTIFIER = MattJChin.CampusCompanion;
				PRODUCT_NAME = "$(TARGET_NAME)";
				SWIFT_EMIT_LOC_STRINGS = YES;
				SWIFT_VERSION = 5.0;
				TARGETED_DEVICE_FAMILY = "1,2";
			};
			name = Debug;
		};
		34ED63622AEBABF200395FD4 /* Release */ = {
			isa = XCBuildConfiguration;
			buildSettings = {
				ASSETCATALOG_COMPILER_APPICON_NAME = AppIcon;
				ASSETCATALOG_COMPILER_GLOBAL_ACCENT_COLOR_NAME = AccentColor;
				CODE_SIGN_STYLE = Automatic;
				CURRENT_PROJECT_VERSION = 1;
				DEVELOPMENT_ASSET_PATHS = "\"CampusCompanion/Preview Content\"";
				DEVELOPMENT_TEAM = R4DPJH6B4X;
				ENABLE_PREVIEWS = YES;
				GENERATE_INFOPLIST_FILE = YES;
				INFOPLIST_FILE = CampusCompanion/Info.plist;
				INFOPLIST_KEY_UIApplicationSceneManifest_Generation = YES;
				INFOPLIST_KEY_UIApplicationSupportsIndirectInputEvents = YES;
				INFOPLIST_KEY_UILaunchStoryboardName = "Launch Screen.storyboard";
				INFOPLIST_KEY_UISupportedInterfaceOrientations_iPad = "UIInterfaceOrientationPortrait UIInterfaceOrientationPortraitUpsideDown UIInterfaceOrientationLandscapeLeft UIInterfaceOrientationLandscapeRight";
				INFOPLIST_KEY_UISupportedInterfaceOrientations_iPhone = "UIInterfaceOrientationPortrait UIInterfaceOrientationLandscapeLeft UIInterfaceOrientationLandscapeRight";
				LD_RUNPATH_SEARCH_PATHS = (
					"$(inherited)",
					"@executable_path/Frameworks",
				);
				MARKETING_VERSION = 1.0;
				PRODUCT_BUNDLE_IDENTIFIER = MattJChin.CampusCompanion;
				PRODUCT_NAME = "$(TARGET_NAME)";
				SWIFT_EMIT_LOC_STRINGS = YES;
				SWIFT_VERSION = 5.0;
				TARGETED_DEVICE_FAMILY = "1,2";
			};
			name = Release;
		};
/* End XCBuildConfiguration section */

/* Begin XCConfigurationList section */
		34ED634D2AEBABF100395FD4 /* Build configuration list for PBXProject "CampusCompanion" */ = {
			isa = XCConfigurationList;
			buildConfigurations = (
				34ED635E2AEBABF200395FD4 /* Debug */,
				34ED635F2AEBABF200395FD4 /* Release */,
			);
			defaultConfigurationIsVisible = 0;
			defaultConfigurationName = Release;
		};
		34ED63602AEBABF200395FD4 /* Build configuration list for PBXNativeTarget "CampusCompanion" */ = {
			isa = XCConfigurationList;
			buildConfigurations = (
				34ED63612AEBABF200395FD4 /* Debug */,
				34ED63622AEBABF200395FD4 /* Release */,
			);
			defaultConfigurationIsVisible = 0;
			defaultConfigurationName = Release;
		};
/* End XCConfigurationList section */

/* Begin XCRemoteSwiftPackageReference section */
		34ED636A2AEBE1A000395FD4 /* XCRemoteSwiftPackageReference "SwiftSoup" */ = {
			isa = XCRemoteSwiftPackageReference;
			repositoryURL = "https://github.com/scinfu/SwiftSoup.git";
			requirement = {
				branch = master;
				kind = branch;
			};
		};
/* End XCRemoteSwiftPackageReference section */

/* Begin XCSwiftPackageProductDependency section */
		34ED636B2AEBE1A000395FD4 /* SwiftSoup */ = {
			isa = XCSwiftPackageProductDependency;
			package = 34ED636A2AEBE1A000395FD4 /* XCRemoteSwiftPackageReference "SwiftSoup" */;
			productName = SwiftSoup;
		};
/* End XCSwiftPackageProductDependency section */
	};
	rootObject = 34ED634A2AEBABF100395FD4 /* Project object */;
}
